
Microsoft Visual Studio Solution File, Format Version 12.00
Project("{2150E333-8FDC-42A3-9474-1A3956D46DE8}") = "src", "src", "{06932A07-9C2C-4A85-954D-7E30BCDA94C1}"
EndProject
Project("{2150E333-8FDC-42A3-9474-1A3956D46DE8}") = "tests", "tests", "{30A4C9F8-361D-4101-83B0-9635207A4E87}"
EndProject
Project("{FAE04EC0-301F-11D3-BF4B-00C04F79EFBC}") = "TUnit.Advanced.Core", "src\TUnit.Advanced.Core\TUnit.Advanced.Core.csproj", "{BF28D33D-B0DC-42B3-9945-6418B805A8AD}"
EndProject
Project("{FAE04EC0-301F-11D3-BF4B-00C04F79EFBC}") = "TUnit.Advanced.DataDriven.Tests", "tests\TUnit.Advanced.DataDriven.Tests\TUnit.Advanced.DataDriven.Tests.csproj", "{751A4F2D-CF8C-4A6C-A0DC-C342881E00E2}"
EndProject
Project("{FAE04EC0-301F-11D3-BF4B-00C04F79EFBC}") = "TUnit.Advanced.Lifecycle.Tests", "tests\TUnit.Advanced.Lifecycle.Tests\TUnit.Advanced.Lifecycle.Tests.csproj", "{672D0CDC-04D3-478A-AFEC-0E1F82823899}"
EndProject
Global
	GlobalSection(SolutionConfigurationPlatforms) = preSolution
		Debug|Any CPU = Debug|Any CPU
		Release|Any CPU = Release|Any CPU
	EndGlobalSection
	GlobalSection(NestedProjects) = preSolution
		{BF28D33D-B0DC-42B3-9945-6418B805A8AD} = {06932A07-9C2C-4A85-954D-7E30BCDA94C1}
		{751A4F2D-CF8C-4A6C-A0DC-C342881E00E2} = {30A4C9F8-361D-4101-83B0-9635207A4E87}
		{672D0CDC-04D3-478A-AFEC-0E1F82823899} = {30A4C9F8-361D-4101-83B0-9635207A4E87}
	EndGlobalSection
	GlobalSection(ProjectConfigurationPlatforms) = postSolution
		{BF28D33D-B0DC-42B3-9945-6418B805A8AD}.Debug|Any CPU.ActiveCfg = Debug|Any CPU
		{BF28D33D-B0DC-42B3-9945-6418B805A8AD}.Debug|Any CPU.Build.0 = Debug|Any CPU
		{BF28D33D-B0DC-42B3-9945-6418B805A8AD}.Release|Any CPU.ActiveCfg = Release|Any CPU
		{BF28D33D-B0DC-42B3-9945-6418B805A8AD}.Release|Any CPU.Build.0 = Release|Any CPU
		{751A4F2D-CF8C-4A6C-A0DC-C342881E00E2}.Debug|Any CPU.ActiveCfg = Debug|Any CPU
		{751A4F2D-CF8C-4A6C-A0DC-C342881E00E2}.Debug|Any CPU.Build.0 = Debug|Any CPU
		{751A4F2D-CF8C-4A6C-A0DC-C342881E00E2}.Release|Any CPU.ActiveCfg = Release|Any CPU
		{751A4F2D-CF8C-4A6C-A0DC-C342881E00E2}.Release|Any CPU.Build.0 = Release|Any CPU
		{672D0CDC-04D3-478A-AFEC-0E1F82823899}.Debug|Any CPU.ActiveCfg = Debug|Any CPU
		{672D0CDC-04D3-478A-AFEC-0E1F82823899}.Debug|Any CPU.Build.0 = Debug|Any CPU
		{672D0CDC-04D3-478A-AFEC-0E1F82823899}.Release|Any CPU.ActiveCfg = Release|Any CPU
		{672D0CDC-04D3-478A-AFEC-0E1F82823899}.Release|Any CPU.Build.0 = Release|Any CPU
	EndGlobalSection
EndGlobal
