
Microsoft Visual Studio Solution File, Format Version 12.00
Project("{2150E333-8FDC-42A3-9474-1A3956D46DE8}") = "src", "src", "{335D5FEE-AEDF-4CE7-964C-B6EF47B4D357}"
EndProject
Project("{2150E333-8FDC-42A3-9474-1A3956D46DE8}") = "tests", "tests", "{14112226-BB7D-47DD-AE37-638102E4A529}"
EndProject
Project("{FAE04EC0-301F-11D3-BF4B-00C04F79EFBC}") = "Day25.AppHost", "src\Day25.AppHost\Day25.AppHost.csproj", "{9F671962-25C3-44A9-A74E-2AC1C0483709}"
EndProject
Project("{FAE04EC0-301F-11D3-BF4B-00C04F79EFBC}") = "Day25.Domain", "src\Day25.Domain\Day25.Domain.csproj", "{5628E3AD-9808-4E52-BCB5-DAE5F3467C9B}"
EndProject
Project("{FAE04EC0-301F-11D3-BF4B-00C04F79EFBC}") = "Day25.Application", "src\Day25.Application\Day25.Application.csproj", "{F893C0FD-D780-4C91-B76E-29AE6B1A3768}"
EndProject
Project("{FAE04EC0-301F-11D3-BF4B-00C04F79EFBC}") = "Day25.Infrastructure", "src\Day25.Infrastructure\Day25.Infrastructure.csproj", "{99A129AC-F5B0-4353-AE9B-3891737255E4}"
EndProject
Project("{FAE04EC0-301F-11D3-BF4B-00C04F79EFBC}") = "Day25.Api", "src\Day25.Api\Day25.Api.csproj", "{3E74B54B-CE55-4D34-A25D-CB5A68720F1E}"
EndProject
Project("{FAE04EC0-301F-11D3-BF4B-00C04F79EFBC}") = "Day25.Tests.Integration", "tests\Day25.Tests.Integration\Day25.Tests.Integration.csproj", "{839CF3EE-3C03-4047-AC25-CA6A42477A31}"
EndProject
Global
	GlobalSection(SolutionConfigurationPlatforms) = preSolution
		Debug|Any CPU = Debug|Any CPU
		Release|Any CPU = Release|Any CPU
	EndGlobalSection
	GlobalSection(NestedProjects) = preSolution
		{9F671962-25C3-44A9-A74E-2AC1C0483709} = {335D5FEE-AEDF-4CE7-964C-B6EF47B4D357}
		{5628E3AD-9808-4E52-BCB5-DAE5F3467C9B} = {335D5FEE-AEDF-4CE7-964C-B6EF47B4D357}
		{F893C0FD-D780-4C91-B76E-29AE6B1A3768} = {335D5FEE-AEDF-4CE7-964C-B6EF47B4D357}
		{99A129AC-F5B0-4353-AE9B-3891737255E4} = {335D5FEE-AEDF-4CE7-964C-B6EF47B4D357}
		{3E74B54B-CE55-4D34-A25D-CB5A68720F1E} = {335D5FEE-AEDF-4CE7-964C-B6EF47B4D357}
		{839CF3EE-3C03-4047-AC25-CA6A42477A31} = {14112226-BB7D-47DD-AE37-638102E4A529}
	EndGlobalSection
	GlobalSection(ProjectConfigurationPlatforms) = postSolution
		{9F671962-25C3-44A9-A74E-2AC1C0483709}.Debug|Any CPU.ActiveCfg = Debug|Any CPU
		{9F671962-25C3-44A9-A74E-2AC1C0483709}.Debug|Any CPU.Build.0 = Debug|Any CPU
		{9F671962-25C3-44A9-A74E-2AC1C0483709}.Release|Any CPU.ActiveCfg = Release|Any CPU
		{9F671962-25C3-44A9-A74E-2AC1C0483709}.Release|Any CPU.Build.0 = Release|Any CPU
		{5628E3AD-9808-4E52-BCB5-DAE5F3467C9B}.Debug|Any CPU.ActiveCfg = Debug|Any CPU
		{5628E3AD-9808-4E52-BCB5-DAE5F3467C9B}.Debug|Any CPU.Build.0 = Debug|Any CPU
		{5628E3AD-9808-4E52-BCB5-DAE5F3467C9B}.Release|Any CPU.ActiveCfg = Release|Any CPU
		{5628E3AD-9808-4E52-BCB5-DAE5F3467C9B}.Release|Any CPU.Build.0 = Release|Any CPU
		{F893C0FD-D780-4C91-B76E-29AE6B1A3768}.Debug|Any CPU.ActiveCfg = Debug|Any CPU
		{F893C0FD-D780-4C91-B76E-29AE6B1A3768}.Debug|Any CPU.Build.0 = Debug|Any CPU
		{F893C0FD-D780-4C91-B76E-29AE6B1A3768}.Release|Any CPU.ActiveCfg = Release|Any CPU
		{F893C0FD-D780-4C91-B76E-29AE6B1A3768}.Release|Any CPU.Build.0 = Release|Any CPU
		{99A129AC-F5B0-4353-AE9B-3891737255E4}.Debug|Any CPU.ActiveCfg = Debug|Any CPU
		{99A129AC-F5B0-4353-AE9B-3891737255E4}.Debug|Any CPU.Build.0 = Debug|Any CPU
		{99A129AC-F5B0-4353-AE9B-3891737255E4}.Release|Any CPU.ActiveCfg = Release|Any CPU
		{99A129AC-F5B0-4353-AE9B-3891737255E4}.Release|Any CPU.Build.0 = Release|Any CPU
		{3E74B54B-CE55-4D34-A25D-CB5A68720F1E}.Debug|Any CPU.ActiveCfg = Debug|Any CPU
		{3E74B54B-CE55-4D34-A25D-CB5A68720F1E}.Debug|Any CPU.Build.0 = Debug|Any CPU
		{3E74B54B-CE55-4D34-A25D-CB5A68720F1E}.Release|Any CPU.ActiveCfg = Release|Any CPU
		{3E74B54B-CE55-4D34-A25D-CB5A68720F1E}.Release|Any CPU.Build.0 = Release|Any CPU
		{839CF3EE-3C03-4047-AC25-CA6A42477A31}.Debug|Any CPU.ActiveCfg = Debug|Any CPU
		{839CF3EE-3C03-4047-AC25-CA6A42477A31}.Debug|Any CPU.Build.0 = Debug|Any CPU
		{839CF3EE-3C03-4047-AC25-CA6A42477A31}.Release|Any CPU.ActiveCfg = Release|Any CPU
		{839CF3EE-3C03-4047-AC25-CA6A42477A31}.Release|Any CPU.Build.0 = Release|Any CPU
	EndGlobalSection
EndGlobal
