
Microsoft Visual Studio Solution File, Format Version 12.00
Project("{FAE04EC0-301F-11D3-BF4B-00C04F79EFBC}") = "Day05.Domain.Tests", "tests\Day05.Domain.Tests\Day05.Domain.Tests.csproj", "{FEEBDB87-FE20-42DC-B972-CDCCEE2BF2D3}"
EndProject
Project("{FAE04EC0-301F-11D3-BF4B-00C04F79EFBC}") = "Day05.Domain", "src\Day05.Domain\Day05.Domain.csproj", "{62439345-0D86-4CDE-A55D-80D802157B5A}"
EndProject
Global
	GlobalSection(SolutionConfigurationPlatforms) = preSolution
		Debug|Any CPU = Debug|Any CPU
		Release|Any CPU = Release|Any CPU
	EndGlobalSection
	GlobalSection(ProjectConfigurationPlatforms) = postSolution
		{FEEBDB87-FE20-42DC-B972-CDCCEE2BF2D3}.Debug|Any CPU.ActiveCfg = Debug|Any CPU
		{FEEBDB87-FE20-42DC-B972-CDCCEE2BF2D3}.Debug|Any CPU.Build.0 = Debug|Any CPU
		{FEEBDB87-FE20-42DC-B972-CDCCEE2BF2D3}.Release|Any CPU.ActiveCfg = Release|Any CPU
		{FEEBDB87-FE20-42DC-B972-CDCCEE2BF2D3}.Release|Any CPU.Build.0 = Release|Any CPU
		{62439345-0D86-4CDE-A55D-80D802157B5A}.Debug|Any CPU.ActiveCfg = Debug|Any CPU
		{62439345-0D86-4CDE-A55D-80D802157B5A}.Debug|Any CPU.Build.0 = Debug|Any CPU
		{62439345-0D86-4CDE-A55D-80D802157B5A}.Release|Any CPU.ActiveCfg = Release|Any CPU
		{62439345-0D86-4CDE-A55D-80D802157B5A}.Release|Any CPU.Build.0 = Release|Any CPU
	EndGlobalSection
EndGlobal
